
Microsoft Visual Studio Solution File, Format Version 12.00
# Visual Studio 15
VisualStudioVersion = 15.0.28307.902
MinimumVisualStudioVersion = 10.0.40219.1
Project("{FAE04EC0-301F-11D3-BF4B-00C04F79EFBC}") = "Formulario", "Formulario\Formulario.csproj", "{505DAB9F-83C8-4A1B-BD57-2147527A4C84}"
EndProject
Global
	GlobalSection(SolutionConfigurationPlatforms) = preSolution
		Debug|Any CPU = Debug|Any CPU
		Release|Any CPU = Release|Any CPU
	EndGlobalSection
	GlobalSection(ProjectConfigurationPlatforms) = postSolution
		{505DAB9F-83C8-4A1B-BD57-2147527A4C84}.Debug|Any CPU.ActiveCfg = Debug|Any CPU
		{505DAB9F-83C8-4A1B-BD57-2147527A4C84}.Debug|Any CPU.Build.0 = Debug|Any CPU
		{505DAB9F-83C8-4A1B-BD57-2147527A4C84}.Release|Any CPU.ActiveCfg = Release|Any CPU
		{505DAB9F-83C8-4A1B-BD57-2147527A4C84}.Release|Any CPU.Build.0 = Release|Any CPU
	EndGlobalSection
	GlobalSection(SolutionProperties) = preSolution
		HideSolutionNode = FALSE
	EndGlobalSection
	GlobalSection(ExtensibilityGlobals) = postSolution
		SolutionGuid = {45A7AA7F-42C9-459B-9FD5-7BB2A7CD80AC}
	EndGlobalSection
EndGlobal
